
Microsoft Visual Studio Solution File, Format Version 12.00
# Visual Studio Version 17
VisualStudioVersion = 17.0.31903.59
MinimumVisualStudioVersion = 10.0.40219.1
Project("{FAE04EC0-301F-11D3-BF4B-00C04F79EFBC}") = "BLL", "BLL\BLL.csproj", "{0E30B631-F733-4514-BC7E-800276DC0C00}"
EndProject
Project("{FAE04EC0-301F-11D3-BF4B-00C04F79EFBC}") = "DAL", "DAL\DAL.csproj", "{9DE6F4E7-BB20-4677-BEB9-A41FD8BE37F4}"
EndProject
Project("{FAE04EC0-301F-11D3-BF4B-00C04F79EFBC}") = "WebApi.Presentation", "WebApi.Presentation\WebApi.Presentation.csproj", "{556D1749-5238-4A7B-BAEE-20C6E750216F}"
EndProject
Global
	GlobalSection(SolutionConfigurationPlatforms) = preSolution
		Debug|Any CPU = Debug|Any CPU
		Release|Any CPU = Release|Any CPU
	EndGlobalSection
	GlobalSection(SolutionProperties) = preSolution
		HideSolutionNode = FALSE
	EndGlobalSection
	GlobalSection(ProjectConfigurationPlatforms) = postSolution
		{0E30B631-F733-4514-BC7E-800276DC0C00}.Debug|Any CPU.ActiveCfg = Debug|Any CPU
		{0E30B631-F733-4514-BC7E-800276DC0C00}.Debug|Any CPU.Build.0 = Debug|Any CPU
		{0E30B631-F733-4514-BC7E-800276DC0C00}.Release|Any CPU.ActiveCfg = Release|Any CPU
		{0E30B631-F733-4514-BC7E-800276DC0C00}.Release|Any CPU.Build.0 = Release|Any CPU
		{9DE6F4E7-BB20-4677-BEB9-A41FD8BE37F4}.Debug|Any CPU.ActiveCfg = Debug|Any CPU
		{9DE6F4E7-BB20-4677-BEB9-A41FD8BE37F4}.Debug|Any CPU.Build.0 = Debug|Any CPU
		{9DE6F4E7-BB20-4677-BEB9-A41FD8BE37F4}.Release|Any CPU.ActiveCfg = Release|Any CPU
		{9DE6F4E7-BB20-4677-BEB9-A41FD8BE37F4}.Release|Any CPU.Build.0 = Release|Any CPU
		{556D1749-5238-4A7B-BAEE-20C6E750216F}.Debug|Any CPU.ActiveCfg = Debug|Any CPU
		{556D1749-5238-4A7B-BAEE-20C6E750216F}.Debug|Any CPU.Build.0 = Debug|Any CPU
		{556D1749-5238-4A7B-BAEE-20C6E750216F}.Release|Any CPU.ActiveCfg = Release|Any CPU
		{556D1749-5238-4A7B-BAEE-20C6E750216F}.Release|Any CPU.Build.0 = Release|Any CPU
	EndGlobalSection
EndGlobal
